// !$*UTF8*$!
{
	archiveVersion = 1;
	classes = {
	};
	objectVersion = 56;
	objects = {

/* Begin PBXBuildFile section */
		983B699C2BDE55BC0039A216 /* Data+.swift in Sources */ = {isa = PBXBuildFile; fileRef = 983B699B2BDE55BC0039A216 /* Data+.swift */; };
		983B699E2BDE60500039A216 /* RepositoryButtonView.swift in Sources */ = {isa = PBXBuildFile; fileRef = 983B699D2BDE60500039A216 /* RepositoryButtonView.swift */; };
		983B69A62BDEA4E20039A216 /* RepositoriesPlaceholderView.swift in Sources */ = {isa = PBXBuildFile; fileRef = 983B69A52BDEA4E20039A216 /* RepositoriesPlaceholderView.swift */; };
		98535A462BDFDB5C00ABBC44 /* LoadingIndicator.swift in Sources */ = {isa = PBXBuildFile; fileRef = 98535A452BDFDB5C00ABBC44 /* LoadingIndicator.swift */; };
		986DF2032BE16341000432B1 /* PersistenceControllerTests.swift in Sources */ = {isa = PBXBuildFile; fileRef = 986DF2022BE16341000432B1 /* PersistenceControllerTests.swift */; };
		986DF2052BE3C420000432B1 /* RepositoryActor.swift in Sources */ = {isa = PBXBuildFile; fileRef = 986DF2042BE3C420000432B1 /* RepositoryActor.swift */; };
		986DF2082BE3C9F0000432B1 /* RepositoryViewModel.swift in Sources */ = {isa = PBXBuildFile; fileRef = 986DF2072BE3C9F0000432B1 /* RepositoryViewModel.swift */; };
		9896C92E2BDFE5940056D845 /* Animation - 1714397911995.json in Resources */ = {isa = PBXBuildFile; fileRef = 9896C92D2BDFE5940056D845 /* Animation - 1714397911995.json */; };
		9896C9302BDFE6430056D845 /* Animation - 1714400937893.json in Resources */ = {isa = PBXBuildFile; fileRef = 9896C92F2BDFE6430056D845 /* Animation - 1714400937893.json */; };
		98AA0C6D2BE50076007273CA /* RepositoryModel.swift in Sources */ = {isa = PBXBuildFile; fileRef = 98AA0C6C2BE50076007273CA /* RepositoryModel.swift */; };
		98AA0C702BE5054E007273CA /* OwnerModel.swift in Sources */ = {isa = PBXBuildFile; fileRef = 98AA0C6F2BE5054E007273CA /* OwnerModel.swift */; };
		98AA0C722BE50F7E007273CA /* RepositoryResponseModel.swift in Sources */ = {isa = PBXBuildFile; fileRef = 98AA0C712BE50F7E007273CA /* RepositoryResponseModel.swift */; };
		98CD4C462BD36F3200AEB6EB /* GitHubClientApp.swift in Sources */ = {isa = PBXBuildFile; fileRef = 98CD4C452BD36F3200AEB6EB /* GitHubClientApp.swift */; };
		98CD4C482BD36F3200AEB6EB /* GitHubContentView.swift in Sources */ = {isa = PBXBuildFile; fileRef = 98CD4C472BD36F3200AEB6EB /* GitHubContentView.swift */; };
		98CD4C4A2BD36F3400AEB6EB /* Assets.xcassets in Resources */ = {isa = PBXBuildFile; fileRef = 98CD4C492BD36F3400AEB6EB /* Assets.xcassets */; };
		98CD4C4D2BD36F3400AEB6EB /* Preview Assets.xcassets in Resources */ = {isa = PBXBuildFile; fileRef = 98CD4C4C2BD36F3400AEB6EB /* Preview Assets.xcassets */; };
		98CD4C4F2BD36F3400AEB6EB /* PersistenceController.swift in Sources */ = {isa = PBXBuildFile; fileRef = 98CD4C4E2BD36F3400AEB6EB /* PersistenceController.swift */; };
		98CD4C522BD36F3400AEB6EB /* GitHubClient.xcdatamodeld in Sources */ = {isa = PBXBuildFile; fileRef = 98CD4C502BD36F3400AEB6EB /* GitHubClient.xcdatamodeld */; };
		98CD4C5C2BD36F3400AEB6EB /* GitHubClientTests.swift in Sources */ = {isa = PBXBuildFile; fileRef = 98CD4C5B2BD36F3400AEB6EB /* GitHubClientTests.swift */; };
		98CD4C662BD36F3400AEB6EB /* GitHubClientUITests.swift in Sources */ = {isa = PBXBuildFile; fileRef = 98CD4C652BD36F3400AEB6EB /* GitHubClientUITests.swift */; };
		98CD4C682BD36F3400AEB6EB /* GitHubClientUITestsLaunchTests.swift in Sources */ = {isa = PBXBuildFile; fileRef = 98CD4C672BD36F3400AEB6EB /* GitHubClientUITestsLaunchTests.swift */; };
		98CD4C7F2BD4117800AEB6EB /* GitHubError.swift in Sources */ = {isa = PBXBuildFile; fileRef = 98CD4C7E2BD4117800AEB6EB /* GitHubError.swift */; };
		98CD4C822BD414F300AEB6EB /* Repository.swift in Sources */ = {isa = PBXBuildFile; fileRef = 98CD4C812BD414F300AEB6EB /* Repository.swift */; };
		98CD4C852BD6865200AEB6EB /* GitHubRepositoryResponse.json in Resources */ = {isa = PBXBuildFile; fileRef = 98CD4C842BD6865200AEB6EB /* GitHubRepositoryResponse.json */; };
		98CD4C872BD68E7900AEB6EB /* Repository.json in Resources */ = {isa = PBXBuildFile; fileRef = 98CD4C862BD68E7900AEB6EB /* Repository.json */; };
		98CD4C892BD6A21B00AEB6EB /* Owner.swift in Sources */ = {isa = PBXBuildFile; fileRef = 98CD4C882BD6A21B00AEB6EB /* Owner.swift */; };
		98CD4C8B2BD6A2D700AEB6EB /* RepositoryResponse.swift in Sources */ = {isa = PBXBuildFile; fileRef = 98CD4C8A2BD6A2D700AEB6EB /* RepositoryResponse.swift */; };
		98CD4C8C2BD6ABAA00AEB6EB /* String+.swift in Sources */ = {isa = PBXBuildFile; fileRef = 98CD4C762BD40C9800AEB6EB /* String+.swift */; };
		98CD4C8D2BD6AC7800AEB6EB /* GitHubRepositoryResponse.json in Resources */ = {isa = PBXBuildFile; fileRef = 98CD4C842BD6865200AEB6EB /* GitHubRepositoryResponse.json */; };
		98CD4C932BD77FB900AEB6EB /* RepositoryCellView.swift in Sources */ = {isa = PBXBuildFile; fileRef = 98CD4C922BD77FB900AEB6EB /* RepositoryCellView.swift */; };
		98CD4C962BD787BC00AEB6EB /* Shimmer in Frameworks */ = {isa = PBXBuildFile; productRef = 98CD4C952BD787BC00AEB6EB /* Shimmer */; };
		98CD4C982BD78A2500AEB6EB /* NetworkController.swift in Sources */ = {isa = PBXBuildFile; fileRef = 98CD4C972BD78A2500AEB6EB /* NetworkController.swift */; };
		98CD4C9C2BD7E40100AEB6EB /* PersistenceController+.swift in Sources */ = {isa = PBXBuildFile; fileRef = 98CD4C9B2BD7E40100AEB6EB /* PersistenceController+.swift */; };
		98CD4C9E2BD7EA9B00AEB6EB /* ProcessInfo+.swift in Sources */ = {isa = PBXBuildFile; fileRef = 98CD4C9D2BD7EA9B00AEB6EB /* ProcessInfo+.swift */; };
		98CD4CA12BD7F14200AEB6EB /* Lottie in Frameworks */ = {isa = PBXBuildFile; productRef = 98CD4CA02BD7F14200AEB6EB /* Lottie */; };
		98CD4CA32BD8017B00AEB6EB /* ErrorAnimationView.swift in Sources */ = {isa = PBXBuildFile; fileRef = 98CD4CA22BD8017B00AEB6EB /* ErrorAnimationView.swift */; };
		98CD4CA52BD801AE00AEB6EB /* Animation - 1713576514887.json in Resources */ = {isa = PBXBuildFile; fileRef = 98CD4CA42BD801AE00AEB6EB /* Animation - 1713576514887.json */; };
		98CD4CAE2BD80F2100AEB6EB /* CustomButton.swift in Sources */ = {isa = PBXBuildFile; fileRef = 98CD4CAD2BD80F2100AEB6EB /* CustomButton.swift */; };
/* End PBXBuildFile section */

/* Begin PBXContainerItemProxy section */
		98CD4C582BD36F3400AEB6EB /* PBXContainerItemProxy */ = {
			isa = PBXContainerItemProxy;
			containerPortal = 98CD4C3A2BD36F3200AEB6EB /* Project object */;
			proxyType = 1;
			remoteGlobalIDString = 98CD4C412BD36F3200AEB6EB;
			remoteInfo = GitHubClient;
		};
		98CD4C622BD36F3400AEB6EB /* PBXContainerItemProxy */ = {
			isa = PBXContainerItemProxy;
			containerPortal = 98CD4C3A2BD36F3200AEB6EB /* Project object */;
			proxyType = 1;
			remoteGlobalIDString = 98CD4C412BD36F3200AEB6EB;
			remoteInfo = GitHubClient;
		};
/* End PBXContainerItemProxy section */

/* Begin PBXFileReference section */
		983B699B2BDE55BC0039A216 /* Data+.swift */ = {isa = PBXFileReference; lastKnownFileType = sourcecode.swift; path = "Data+.swift"; sourceTree = "<group>"; };
		983B699D2BDE60500039A216 /* RepositoryButtonView.swift */ = {isa = PBXFileReference; lastKnownFileType = sourcecode.swift; path = RepositoryButtonView.swift; sourceTree = "<group>"; };
		983B699F2BDE695E0039A216 /* GitHubClient.2.xcdatamodel */ = {isa = PBXFileReference; lastKnownFileType = wrapper.xcdatamodel; path = GitHubClient.2.xcdatamodel; sourceTree = "<group>"; };
		983B69A02BDE7AC40039A216 /* GitHubClient.3.xcdatamodel */ = {isa = PBXFileReference; lastKnownFileType = wrapper.xcdatamodel; path = GitHubClient.3.xcdatamodel; sourceTree = "<group>"; };
		983B69A52BDEA4E20039A216 /* RepositoriesPlaceholderView.swift */ = {isa = PBXFileReference; lastKnownFileType = sourcecode.swift; path = RepositoriesPlaceholderView.swift; sourceTree = "<group>"; };
		98535A452BDFDB5C00ABBC44 /* LoadingIndicator.swift */ = {isa = PBXFileReference; lastKnownFileType = sourcecode.swift; path = LoadingIndicator.swift; sourceTree = "<group>"; };
		986DF2022BE16341000432B1 /* PersistenceControllerTests.swift */ = {isa = PBXFileReference; lastKnownFileType = sourcecode.swift; path = PersistenceControllerTests.swift; sourceTree = "<group>"; };
		986DF2042BE3C420000432B1 /* RepositoryActor.swift */ = {isa = PBXFileReference; lastKnownFileType = sourcecode.swift; path = RepositoryActor.swift; sourceTree = "<group>"; };
		986DF2072BE3C9F0000432B1 /* RepositoryViewModel.swift */ = {isa = PBXFileReference; lastKnownFileType = sourcecode.swift; path = RepositoryViewModel.swift; sourceTree = "<group>"; };
		9896C92D2BDFE5940056D845 /* Animation - 1714397911995.json */ = {isa = PBXFileReference; fileEncoding = 4; lastKnownFileType = text.json; path = "Animation - 1714397911995.json"; sourceTree = "<group>"; };
		9896C92F2BDFE6430056D845 /* Animation - 1714400937893.json */ = {isa = PBXFileReference; fileEncoding = 4; lastKnownFileType = text.json; path = "Animation - 1714400937893.json"; sourceTree = "<group>"; };
		98AA0C6C2BE50076007273CA /* RepositoryModel.swift */ = {isa = PBXFileReference; lastKnownFileType = sourcecode.swift; path = RepositoryModel.swift; sourceTree = "<group>"; };
		98AA0C6F2BE5054E007273CA /* OwnerModel.swift */ = {isa = PBXFileReference; lastKnownFileType = sourcecode.swift; path = OwnerModel.swift; sourceTree = "<group>"; };
		98AA0C712BE50F7E007273CA /* RepositoryResponseModel.swift */ = {isa = PBXFileReference; lastKnownFileType = sourcecode.swift; path = RepositoryResponseModel.swift; sourceTree = "<group>"; };
		98CD4C422BD36F3200AEB6EB /* GitHubClient.app */ = {isa = PBXFileReference; explicitFileType = wrapper.application; includeInIndex = 0; path = GitHubClient.app; sourceTree = BUILT_PRODUCTS_DIR; };
		98CD4C452BD36F3200AEB6EB /* GitHubClientApp.swift */ = {isa = PBXFileReference; lastKnownFileType = sourcecode.swift; path = GitHubClientApp.swift; sourceTree = "<group>"; };
		98CD4C472BD36F3200AEB6EB /* GitHubContentView.swift */ = {isa = PBXFileReference; lastKnownFileType = sourcecode.swift; path = GitHubContentView.swift; sourceTree = "<group>"; };
		98CD4C492BD36F3400AEB6EB /* Assets.xcassets */ = {isa = PBXFileReference; lastKnownFileType = folder.assetcatalog; path = Assets.xcassets; sourceTree = "<group>"; };
		98CD4C4C2BD36F3400AEB6EB /* Preview Assets.xcassets */ = {isa = PBXFileReference; lastKnownFileType = folder.assetcatalog; path = "Preview Assets.xcassets"; sourceTree = "<group>"; };
		98CD4C4E2BD36F3400AEB6EB /* PersistenceController.swift */ = {isa = PBXFileReference; lastKnownFileType = sourcecode.swift; path = PersistenceController.swift; sourceTree = "<group>"; };
		98CD4C512BD36F3400AEB6EB /* GitHubClient.xcdatamodel */ = {isa = PBXFileReference; lastKnownFileType = wrapper.xcdatamodel; path = GitHubClient.xcdatamodel; sourceTree = "<group>"; };
		98CD4C572BD36F3400AEB6EB /* GitHubClientTests.xctest */ = {isa = PBXFileReference; explicitFileType = wrapper.cfbundle; includeInIndex = 0; path = GitHubClientTests.xctest; sourceTree = BUILT_PRODUCTS_DIR; };
		98CD4C5B2BD36F3400AEB6EB /* GitHubClientTests.swift */ = {isa = PBXFileReference; lastKnownFileType = sourcecode.swift; path = GitHubClientTests.swift; sourceTree = "<group>"; };
		98CD4C612BD36F3400AEB6EB /* GitHubClientUITests.xctest */ = {isa = PBXFileReference; explicitFileType = wrapper.cfbundle; includeInIndex = 0; path = GitHubClientUITests.xctest; sourceTree = BUILT_PRODUCTS_DIR; };
		98CD4C652BD36F3400AEB6EB /* GitHubClientUITests.swift */ = {isa = PBXFileReference; lastKnownFileType = sourcecode.swift; path = GitHubClientUITests.swift; sourceTree = "<group>"; };
		98CD4C672BD36F3400AEB6EB /* GitHubClientUITestsLaunchTests.swift */ = {isa = PBXFileReference; lastKnownFileType = sourcecode.swift; path = GitHubClientUITestsLaunchTests.swift; sourceTree = "<group>"; };
		98CD4C742BD3705800AEB6EB /* README.md */ = {isa = PBXFileReference; fileEncoding = 4; lastKnownFileType = net.daringfireball.markdown; name = README.md; path = ../README.md; sourceTree = "<group>"; };
		98CD4C762BD40C9800AEB6EB /* String+.swift */ = {isa = PBXFileReference; lastKnownFileType = sourcecode.swift; path = "String+.swift"; sourceTree = "<group>"; };
		98CD4C7E2BD4117800AEB6EB /* GitHubError.swift */ = {isa = PBXFileReference; lastKnownFileType = sourcecode.swift; path = GitHubError.swift; sourceTree = "<group>"; };
		98CD4C812BD414F300AEB6EB /* Repository.swift */ = {isa = PBXFileReference; lastKnownFileType = sourcecode.swift; path = Repository.swift; sourceTree = "<group>"; };
		98CD4C842BD6865200AEB6EB /* GitHubRepositoryResponse.json */ = {isa = PBXFileReference; fileEncoding = 4; lastKnownFileType = text.json; path = GitHubRepositoryResponse.json; sourceTree = "<group>"; };
		98CD4C862BD68E7900AEB6EB /* Repository.json */ = {isa = PBXFileReference; fileEncoding = 4; lastKnownFileType = text.json; path = Repository.json; sourceTree = "<group>"; };
		98CD4C882BD6A21B00AEB6EB /* Owner.swift */ = {isa = PBXFileReference; lastKnownFileType = sourcecode.swift; path = Owner.swift; sourceTree = "<group>"; };
		98CD4C8A2BD6A2D700AEB6EB /* RepositoryResponse.swift */ = {isa = PBXFileReference; lastKnownFileType = sourcecode.swift; path = RepositoryResponse.swift; sourceTree = "<group>"; };
		98CD4C922BD77FB900AEB6EB /* RepositoryCellView.swift */ = {isa = PBXFileReference; lastKnownFileType = sourcecode.swift; path = RepositoryCellView.swift; sourceTree = "<group>"; };
		98CD4C972BD78A2500AEB6EB /* NetworkController.swift */ = {isa = PBXFileReference; lastKnownFileType = sourcecode.swift; path = NetworkController.swift; sourceTree = "<group>"; };
		98CD4C9B2BD7E40100AEB6EB /* PersistenceController+.swift */ = {isa = PBXFileReference; lastKnownFileType = sourcecode.swift; path = "PersistenceController+.swift"; sourceTree = "<group>"; };
		98CD4C9D2BD7EA9B00AEB6EB /* ProcessInfo+.swift */ = {isa = PBXFileReference; lastKnownFileType = sourcecode.swift; path = "ProcessInfo+.swift"; sourceTree = "<group>"; };
		98CD4CA22BD8017B00AEB6EB /* ErrorAnimationView.swift */ = {isa = PBXFileReference; lastKnownFileType = sourcecode.swift; path = ErrorAnimationView.swift; sourceTree = "<group>"; };
		98CD4CA42BD801AE00AEB6EB /* Animation - 1713576514887.json */ = {isa = PBXFileReference; fileEncoding = 4; lastKnownFileType = text.json; path = "Animation - 1713576514887.json"; sourceTree = "<group>"; };
		98CD4CAD2BD80F2100AEB6EB /* CustomButton.swift */ = {isa = PBXFileReference; lastKnownFileType = sourcecode.swift; path = CustomButton.swift; sourceTree = "<group>"; };
/* End PBXFileReference section */

/* Begin PBXFrameworksBuildPhase section */
		98CD4C3F2BD36F3200AEB6EB /* Frameworks */ = {
			isa = PBXFrameworksBuildPhase;
			buildActionMask = 2147483647;
			files = (
				98CD4C962BD787BC00AEB6EB /* Shimmer in Frameworks */,
				98CD4CA12BD7F14200AEB6EB /* Lottie in Frameworks */,
			);
			runOnlyForDeploymentPostprocessing = 0;
		};
		98CD4C542BD36F3400AEB6EB /* Frameworks */ = {
			isa = PBXFrameworksBuildPhase;
			buildActionMask = 2147483647;
			files = (
			);
			runOnlyForDeploymentPostprocessing = 0;
		};
		98CD4C5E2BD36F3400AEB6EB /* Frameworks */ = {
			isa = PBXFrameworksBuildPhase;
			buildActionMask = 2147483647;
			files = (
			);
			runOnlyForDeploymentPostprocessing = 0;
		};
/* End PBXFrameworksBuildPhase section */

/* Begin PBXGroup section */
		986DF2062BE3C42B000432B1 /* Actor */ = {
			isa = PBXGroup;
			children = (
				986DF2042BE3C420000432B1 /* RepositoryActor.swift */,
			);
			path = Actor;
			sourceTree = "<group>";
		};
		986DF20A2BE3C9FC000432B1 /* ModelView */ = {
			isa = PBXGroup;
			children = (
				986DF2072BE3C9F0000432B1 /* RepositoryViewModel.swift */,
			);
			path = ModelView;
			sourceTree = "<group>";
		};
		98AA0C6B2BE4FF9E007273CA /* Network */ = {
			isa = PBXGroup;
			children = (
				986DF2062BE3C42B000432B1 /* Actor */,
				98AA0C6E2BE50091007273CA /* Model */,
				98CD4C972BD78A2500AEB6EB /* NetworkController.swift */,
			);
			path = Network;
			sourceTree = "<group>";
		};
		98AA0C6E2BE50091007273CA /* Model */ = {
			isa = PBXGroup;
			children = (
				98AA0C6F2BE5054E007273CA /* OwnerModel.swift */,
				98AA0C6C2BE50076007273CA /* RepositoryModel.swift */,
				98AA0C712BE50F7E007273CA /* RepositoryResponseModel.swift */,
			);
			path = Model;
			sourceTree = "<group>";
		};
		98CD4C392BD36F3200AEB6EB = {
			isa = PBXGroup;
			children = (
				98CD4C442BD36F3200AEB6EB /* GitHubClient */,
				98CD4C5A2BD36F3400AEB6EB /* GitHubClientTests */,
				98CD4C642BD36F3400AEB6EB /* GitHubClientUITests */,
				98CD4C432BD36F3200AEB6EB /* Products */,
				98CD4C742BD3705800AEB6EB /* README.md */,
			);
			sourceTree = "<group>";
		};
		98CD4C432BD36F3200AEB6EB /* Products */ = {
			isa = PBXGroup;
			children = (
				98CD4C422BD36F3200AEB6EB /* GitHubClient.app */,
				98CD4C572BD36F3400AEB6EB /* GitHubClientTests.xctest */,
				98CD4C612BD36F3400AEB6EB /* GitHubClientUITests.xctest */,
			);
			name = Products;
			sourceTree = "<group>";
		};
		98CD4C442BD36F3200AEB6EB /* GitHubClient */ = {
			isa = PBXGroup;
			children = (
				98CD4CAB2BD8022D00AEB6EB /* App */,
				98CD4C492BD36F3400AEB6EB /* Assets.xcassets */,
				98CD4CAA2BD8021C00AEB6EB /* Controllers */,
				98CD4CA72BD801C700AEB6EB /* Extensions */,
				98CD4C7E2BD4117800AEB6EB /* GitHubError.swift */,
				98CD4C802BD414E700AEB6EB /* CoreDataModel */,
				98CD4CAC2BD8023A00AEB6EB /* MV */,
				98CD4C4B2BD36F3400AEB6EB /* Preview Content */,
				986DF20A2BE3C9FC000432B1 /* ModelView */,
			);
			path = GitHubClient;
			sourceTree = "<group>";
		};
		98CD4C4B2BD36F3400AEB6EB /* Preview Content */ = {
			isa = PBXGroup;
			children = (
				98CD4C4C2BD36F3400AEB6EB /* Preview Assets.xcassets */,
			);
			path = "Preview Content";
			sourceTree = "<group>";
		};
		98CD4C5A2BD36F3400AEB6EB /* GitHubClientTests */ = {
			isa = PBXGroup;
			children = (
				98CD4C832BD6865200AEB6EB /* json */,
				98CD4C5B2BD36F3400AEB6EB /* GitHubClientTests.swift */,
				986DF2022BE16341000432B1 /* PersistenceControllerTests.swift */,
			);
			path = GitHubClientTests;
			sourceTree = "<group>";
		};
		98CD4C642BD36F3400AEB6EB /* GitHubClientUITests */ = {
			isa = PBXGroup;
			children = (
				98CD4C652BD36F3400AEB6EB /* GitHubClientUITests.swift */,
				98CD4C672BD36F3400AEB6EB /* GitHubClientUITestsLaunchTests.swift */,
			);
			path = GitHubClientUITests;
			sourceTree = "<group>";
		};
		98CD4C802BD414E700AEB6EB /* CoreDataModel */ = {
			isa = PBXGroup;
			children = (
				98CD4C812BD414F300AEB6EB /* Repository.swift */,
				98CD4C8A2BD6A2D700AEB6EB /* RepositoryResponse.swift */,
				98CD4C882BD6A21B00AEB6EB /* Owner.swift */,
			);
			path = CoreDataModel;
			sourceTree = "<group>";
		};
		98CD4C832BD6865200AEB6EB /* json */ = {
			isa = PBXGroup;
			children = (
				98CD4C842BD6865200AEB6EB /* GitHubRepositoryResponse.json */,
				98CD4C862BD68E7900AEB6EB /* Repository.json */,
			);
			path = json;
			sourceTree = "<group>";
		};
		98CD4CA72BD801C700AEB6EB /* Extensions */ = {
			isa = PBXGroup;
			children = (
				98CD4C762BD40C9800AEB6EB /* String+.swift */,
				983B699B2BDE55BC0039A216 /* Data+.swift */,
				98CD4C9D2BD7EA9B00AEB6EB /* ProcessInfo+.swift */,
			);
			path = Extensions;
			sourceTree = "<group>";
		};
		98CD4CA82BD801FF00AEB6EB /* Persistence */ = {
			isa = PBXGroup;
			children = (
				98CD4C4E2BD36F3400AEB6EB /* PersistenceController.swift */,
				98CD4C9B2BD7E40100AEB6EB /* PersistenceController+.swift */,
				98CD4C502BD36F3400AEB6EB /* GitHubClient.xcdatamodeld */,
			);
			path = Persistence;
			sourceTree = "<group>";
		};
		98CD4CA92BD8020C00AEB6EB /* Animation */ = {
			isa = PBXGroup;
			children = (
				98CD4CA22BD8017B00AEB6EB /* ErrorAnimationView.swift */,
				98535A452BDFDB5C00ABBC44 /* LoadingIndicator.swift */,
				9896C92D2BDFE5940056D845 /* Animation - 1714397911995.json */,
				98CD4CA42BD801AE00AEB6EB /* Animation - 1713576514887.json */,
				9896C92F2BDFE6430056D845 /* Animation - 1714400937893.json */,
			);
			path = Animation;
			sourceTree = "<group>";
		};
		98CD4CAA2BD8021C00AEB6EB /* Controllers */ = {
			isa = PBXGroup;
			children = (
				98CD4CA82BD801FF00AEB6EB /* Persistence */,
				98AA0C6B2BE4FF9E007273CA /* Network */,
			);
			path = Controllers;
			sourceTree = "<group>";
		};
		98CD4CAB2BD8022D00AEB6EB /* App */ = {
			isa = PBXGroup;
			children = (
				98CD4C452BD36F3200AEB6EB /* GitHubClientApp.swift */,
			);
			path = App;
			sourceTree = "<group>";
		};
		98CD4CAC2BD8023A00AEB6EB /* MV */ = {
			isa = PBXGroup;
			children = (
				98CD4CA92BD8020C00AEB6EB /* Animation */,
				98CD4C472BD36F3200AEB6EB /* GitHubContentView.swift */,
				983B69A52BDEA4E20039A216 /* RepositoriesPlaceholderView.swift */,
				983B699D2BDE60500039A216 /* RepositoryButtonView.swift */,
				98CD4C922BD77FB900AEB6EB /* RepositoryCellView.swift */,
				98CD4CAD2BD80F2100AEB6EB /* CustomButton.swift */,
			);
			path = MV;
			sourceTree = "<group>";
		};
/* End PBXGroup section */

/* Begin PBXNativeTarget section */
		98CD4C412BD36F3200AEB6EB /* GitHubClient */ = {
			isa = PBXNativeTarget;
			buildConfigurationList = 98CD4C6B2BD36F3400AEB6EB /* Build configuration list for PBXNativeTarget "GitHubClient" */;
			buildPhases = (
				98CD4C3E2BD36F3200AEB6EB /* Sources */,
				98CD4C3F2BD36F3200AEB6EB /* Frameworks */,
				98CD4C402BD36F3200AEB6EB /* Resources */,
			);
			buildRules = (
			);
			dependencies = (
			);
			name = GitHubClient;
			packageProductDependencies = (
				98CD4C952BD787BC00AEB6EB /* Shimmer */,
				98CD4CA02BD7F14200AEB6EB /* Lottie */,
			);
			productName = GitHubClient;
			productReference = 98CD4C422BD36F3200AEB6EB /* GitHubClient.app */;
			productType = "com.apple.product-type.application";
		};
		98CD4C562BD36F3400AEB6EB /* GitHubClientTests */ = {
			isa = PBXNativeTarget;
			buildConfigurationList = 98CD4C6E2BD36F3400AEB6EB /* Build configuration list for PBXNativeTarget "GitHubClientTests" */;
			buildPhases = (
				98CD4C532BD36F3400AEB6EB /* Sources */,
				98CD4C542BD36F3400AEB6EB /* Frameworks */,
				98CD4C552BD36F3400AEB6EB /* Resources */,
			);
			buildRules = (
			);
			dependencies = (
				98CD4C592BD36F3400AEB6EB /* PBXTargetDependency */,
			);
			name = GitHubClientTests;
			productName = GitHubClientTests;
			productReference = 98CD4C572BD36F3400AEB6EB /* GitHubClientTests.xctest */;
			productType = "com.apple.product-type.bundle.unit-test";
		};
		98CD4C602BD36F3400AEB6EB /* GitHubClientUITests */ = {
			isa = PBXNativeTarget;
			buildConfigurationList = 98CD4C712BD36F3400AEB6EB /* Build configuration list for PBXNativeTarget "GitHubClientUITests" */;
			buildPhases = (
				98CD4C5D2BD36F3400AEB6EB /* Sources */,
				98CD4C5E2BD36F3400AEB6EB /* Frameworks */,
				98CD4C5F2BD36F3400AEB6EB /* Resources */,
			);
			buildRules = (
			);
			dependencies = (
				98CD4C632BD36F3400AEB6EB /* PBXTargetDependency */,
			);
			name = GitHubClientUITests;
			productName = GitHubClientUITests;
			productReference = 98CD4C612BD36F3400AEB6EB /* GitHubClientUITests.xctest */;
			productType = "com.apple.product-type.bundle.ui-testing";
		};
/* End PBXNativeTarget section */

/* Begin PBXProject section */
		98CD4C3A2BD36F3200AEB6EB /* Project object */ = {
			isa = PBXProject;
			attributes = {
				BuildIndependentTargetsInParallel = 1;
				LastSwiftUpdateCheck = 1500;
				LastUpgradeCheck = 1500;
				TargetAttributes = {
					98CD4C412BD36F3200AEB6EB = {
						CreatedOnToolsVersion = 15.0.1;
					};
					98CD4C562BD36F3400AEB6EB = {
						CreatedOnToolsVersion = 15.0.1;
						TestTargetID = 98CD4C412BD36F3200AEB6EB;
					};
					98CD4C602BD36F3400AEB6EB = {
						CreatedOnToolsVersion = 15.0.1;
						TestTargetID = 98CD4C412BD36F3200AEB6EB;
					};
				};
			};
			buildConfigurationList = 98CD4C3D2BD36F3200AEB6EB /* Build configuration list for PBXProject "GitHubClient" */;
			compatibilityVersion = "Xcode 14.0";
			developmentRegion = en;
			hasScannedForEncodings = 0;
			knownRegions = (
				en,
				Base,
			);
			mainGroup = 98CD4C392BD36F3200AEB6EB;
			packageReferences = (
				98CD4C942BD787BC00AEB6EB /* XCRemoteSwiftPackageReference "SwiftUI-Shimmer" */,
				98CD4C9F2BD7F14100AEB6EB /* XCRemoteSwiftPackageReference "lottie-spm" */,
			);
			productRefGroup = 98CD4C432BD36F3200AEB6EB /* Products */;
			projectDirPath = "";
			projectRoot = "";
			targets = (
				98CD4C412BD36F3200AEB6EB /* GitHubClient */,
				98CD4C562BD36F3400AEB6EB /* GitHubClientTests */,
				98CD4C602BD36F3400AEB6EB /* GitHubClientUITests */,
			);
		};
/* End PBXProject section */

/* Begin PBXResourcesBuildPhase section */
		98CD4C402BD36F3200AEB6EB /* Resources */ = {
			isa = PBXResourcesBuildPhase;
			buildActionMask = 2147483647;
			files = (
				9896C92E2BDFE5940056D845 /* Animation - 1714397911995.json in Resources */,
				98CD4C8D2BD6AC7800AEB6EB /* GitHubRepositoryResponse.json in Resources */,
				98CD4C4D2BD36F3400AEB6EB /* Preview Assets.xcassets in Resources */,
				9896C9302BDFE6430056D845 /* Animation - 1714400937893.json in Resources */,
				98CD4CA52BD801AE00AEB6EB /* Animation - 1713576514887.json in Resources */,
				98CD4C4A2BD36F3400AEB6EB /* Assets.xcassets in Resources */,
			);
			runOnlyForDeploymentPostprocessing = 0;
		};
		98CD4C552BD36F3400AEB6EB /* Resources */ = {
			isa = PBXResourcesBuildPhase;
			buildActionMask = 2147483647;
			files = (
				98CD4C852BD6865200AEB6EB /* GitHubRepositoryResponse.json in Resources */,
				98CD4C872BD68E7900AEB6EB /* Repository.json in Resources */,
			);
			runOnlyForDeploymentPostprocessing = 0;
		};
		98CD4C5F2BD36F3400AEB6EB /* Resources */ = {
			isa = PBXResourcesBuildPhase;
			buildActionMask = 2147483647;
			files = (
			);
			runOnlyForDeploymentPostprocessing = 0;
		};
/* End PBXResourcesBuildPhase section */

/* Begin PBXSourcesBuildPhase section */
		98CD4C3E2BD36F3200AEB6EB /* Sources */ = {
			isa = PBXSourcesBuildPhase;
			buildActionMask = 2147483647;
			files = (
				98CD4C982BD78A2500AEB6EB /* NetworkController.swift in Sources */,
				98CD4C9C2BD7E40100AEB6EB /* PersistenceController+.swift in Sources */,
				98CD4C4F2BD36F3400AEB6EB /* PersistenceController.swift in Sources */,
				986DF2082BE3C9F0000432B1 /* RepositoryViewModel.swift in Sources */,
				98CD4C8C2BD6ABAA00AEB6EB /* String+.swift in Sources */,
				98CD4C482BD36F3200AEB6EB /* GitHubContentView.swift in Sources */,
				986DF2052BE3C420000432B1 /* RepositoryActor.swift in Sources */,
				98CD4CA32BD8017B00AEB6EB /* ErrorAnimationView.swift in Sources */,
				98AA0C722BE50F7E007273CA /* RepositoryResponseModel.swift in Sources */,
				98CD4C8B2BD6A2D700AEB6EB /* RepositoryResponse.swift in Sources */,
				98CD4C892BD6A21B00AEB6EB /* Owner.swift in Sources */,
				98CD4C9E2BD7EA9B00AEB6EB /* ProcessInfo+.swift in Sources */,
				98CD4C462BD36F3200AEB6EB /* GitHubClientApp.swift in Sources */,
				98CD4C932BD77FB900AEB6EB /* RepositoryCellView.swift in Sources */,
				983B699C2BDE55BC0039A216 /* Data+.swift in Sources */,
				983B699E2BDE60500039A216 /* RepositoryButtonView.swift in Sources */,
				98AA0C6D2BE50076007273CA /* RepositoryModel.swift in Sources */,
				98CD4C522BD36F3400AEB6EB /* GitHubClient.xcdatamodeld in Sources */,
				98AA0C702BE5054E007273CA /* OwnerModel.swift in Sources */,
				98CD4C7F2BD4117800AEB6EB /* GitHubError.swift in Sources */,
				98CD4C822BD414F300AEB6EB /* Repository.swift in Sources */,
				983B69A62BDEA4E20039A216 /* RepositoriesPlaceholderView.swift in Sources */,
				98535A462BDFDB5C00ABBC44 /* LoadingIndicator.swift in Sources */,
				98CD4CAE2BD80F2100AEB6EB /* CustomButton.swift in Sources */,
			);
			runOnlyForDeploymentPostprocessing = 0;
		};
		98CD4C532BD36F3400AEB6EB /* Sources */ = {
			isa = PBXSourcesBuildPhase;
			buildActionMask = 2147483647;
			files = (
				986DF2032BE16341000432B1 /* PersistenceControllerTests.swift in Sources */,
				98CD4C5C2BD36F3400AEB6EB /* GitHubClientTests.swift in Sources */,
			);
			runOnlyForDeploymentPostprocessing = 0;
		};
		98CD4C5D2BD36F3400AEB6EB /* Sources */ = {
			isa = PBXSourcesBuildPhase;
			buildActionMask = 2147483647;
			files = (
				98CD4C682BD36F3400AEB6EB /* GitHubClientUITestsLaunchTests.swift in Sources */,
				98CD4C662BD36F3400AEB6EB /* GitHubClientUITests.swift in Sources */,
			);
			runOnlyForDeploymentPostprocessing = 0;
		};
/* End PBXSourcesBuildPhase section */

/* Begin PBXTargetDependency section */
		98CD4C592BD36F3400AEB6EB /* PBXTargetDependency */ = {
			isa = PBXTargetDependency;
			target = 98CD4C412BD36F3200AEB6EB /* GitHubClient */;
			targetProxy = 98CD4C582BD36F3400AEB6EB /* PBXContainerItemProxy */;
		};
		98CD4C632BD36F3400AEB6EB /* PBXTargetDependency */ = {
			isa = PBXTargetDependency;
			target = 98CD4C412BD36F3200AEB6EB /* GitHubClient */;
			targetProxy = 98CD4C622BD36F3400AEB6EB /* PBXContainerItemProxy */;
		};
/* End PBXTargetDependency section */

/* Begin XCBuildConfiguration section */
		98CD4C692BD36F3400AEB6EB /* Debug */ = {
			isa = XCBuildConfiguration;
			buildSettings = {
				ALWAYS_SEARCH_USER_PATHS = NO;
				ASSETCATALOG_COMPILER_GENERATE_SWIFT_ASSET_SYMBOL_EXTENSIONS = YES;
				CLANG_ANALYZER_NONNULL = YES;
				CLANG_ANALYZER_NUMBER_OBJECT_CONVERSION = YES_AGGRESSIVE;
				CLANG_CXX_LANGUAGE_STANDARD = "gnu++20";
				CLANG_ENABLE_MODULES = YES;
				CLANG_ENABLE_OBJC_ARC = YES;
				CLANG_ENABLE_OBJC_WEAK = YES;
				CLANG_WARN_BLOCK_CAPTURE_AUTORELEASING = YES;
				CLANG_WARN_BOOL_CONVERSION = YES;
				CLANG_WARN_COMMA = YES;
				CLANG_WARN_CONSTANT_CONVERSION = YES;
				CLANG_WARN_DEPRECATED_OBJC_IMPLEMENTATIONS = YES;
				CLANG_WARN_DIRECT_OBJC_ISA_USAGE = YES_ERROR;
				CLANG_WARN_DOCUMENTATION_COMMENTS = YES;
				CLANG_WARN_EMPTY_BODY = YES;
				CLANG_WARN_ENUM_CONVERSION = YES;
				CLANG_WARN_INFINITE_RECURSION = YES;
				CLANG_WARN_INT_CONVERSION = YES;
				CLANG_WARN_NON_LITERAL_NULL_CONVERSION = YES;
				CLANG_WARN_OBJC_IMPLICIT_RETAIN_SELF = YES;
				CLANG_WARN_OBJC_LITERAL_CONVERSION = YES;
				CLANG_WARN_OBJC_ROOT_CLASS = YES_ERROR;
				CLANG_WARN_QUOTED_INCLUDE_IN_FRAMEWORK_HEADER = YES;
				CLANG_WARN_RANGE_LOOP_ANALYSIS = YES;
				CLANG_WARN_STRICT_PROTOTYPES = YES;
				CLANG_WARN_SUSPICIOUS_MOVE = YES;
				CLANG_WARN_UNGUARDED_AVAILABILITY = YES_AGGRESSIVE;
				CLANG_WARN_UNREACHABLE_CODE = YES;
				CLANG_WARN__DUPLICATE_METHOD_MATCH = YES;
				COPY_PHASE_STRIP = NO;
				DEBUG_INFORMATION_FORMAT = dwarf;
				ENABLE_STRICT_OBJC_MSGSEND = YES;
				ENABLE_TESTABILITY = YES;
				ENABLE_USER_SCRIPT_SANDBOXING = YES;
				GCC_C_LANGUAGE_STANDARD = gnu17;
				GCC_DYNAMIC_NO_PIC = NO;
				GCC_NO_COMMON_BLOCKS = YES;
				GCC_OPTIMIZATION_LEVEL = 0;
				GCC_PREPROCESSOR_DEFINITIONS = (
					"DEBUG=1",
					"$(inherited)",
				);
				GCC_WARN_64_TO_32_BIT_CONVERSION = YES;
				GCC_WARN_ABOUT_RETURN_TYPE = YES_ERROR;
				GCC_WARN_UNDECLARED_SELECTOR = YES;
				GCC_WARN_UNINITIALIZED_AUTOS = YES_AGGRESSIVE;
				GCC_WARN_UNUSED_FUNCTION = YES;
				GCC_WARN_UNUSED_VARIABLE = YES;
				IPHONEOS_DEPLOYMENT_TARGET = 16.0;
				LOCALIZATION_PREFERS_STRING_CATALOGS = YES;
				MTL_ENABLE_DEBUG_INFO = INCLUDE_SOURCE;
				MTL_FAST_MATH = YES;
				ONLY_ACTIVE_ARCH = YES;
				SDKROOT = iphoneos;
				SWIFT_ACTIVE_COMPILATION_CONDITIONS = "DEBUG $(inherited)";
				SWIFT_OPTIMIZATION_LEVEL = "-Onone";
			};
			name = Debug;
		};
		98CD4C6A2BD36F3400AEB6EB /* Release */ = {
			isa = XCBuildConfiguration;
			buildSettings = {
				ALWAYS_SEARCH_USER_PATHS = NO;
				ASSETCATALOG_COMPILER_GENERATE_SWIFT_ASSET_SYMBOL_EXTENSIONS = YES;
				CLANG_ANALYZER_NONNULL = YES;
				CLANG_ANALYZER_NUMBER_OBJECT_CONVERSION = YES_AGGRESSIVE;
				CLANG_CXX_LANGUAGE_STANDARD = "gnu++20";
				CLANG_ENABLE_MODULES = YES;
				CLANG_ENABLE_OBJC_ARC = YES;
				CLANG_ENABLE_OBJC_WEAK = YES;
				CLANG_WARN_BLOCK_CAPTURE_AUTORELEASING = YES;
				CLANG_WARN_BOOL_CONVERSION = YES;
				CLANG_WARN_COMMA = YES;
				CLANG_WARN_CONSTANT_CONVERSION = YES;
				CLANG_WARN_DEPRECATED_OBJC_IMPLEMENTATIONS = YES;
				CLANG_WARN_DIRECT_OBJC_ISA_USAGE = YES_ERROR;
				CLANG_WARN_DOCUMENTATION_COMMENTS = YES;
				CLANG_WARN_EMPTY_BODY = YES;
				CLANG_WARN_ENUM_CONVERSION = YES;
				CLANG_WARN_INFINITE_RECURSION = YES;
				CLANG_WARN_INT_CONVERSION = YES;
				CLANG_WARN_NON_LITERAL_NULL_CONVERSION = YES;
				CLANG_WARN_OBJC_IMPLICIT_RETAIN_SELF = YES;
				CLANG_WARN_OBJC_LITERAL_CONVERSION = YES;
				CLANG_WARN_OBJC_ROOT_CLASS = YES_ERROR;
				CLANG_WARN_QUOTED_INCLUDE_IN_FRAMEWORK_HEADER = YES;
				CLANG_WARN_RANGE_LOOP_ANALYSIS = YES;
				CLANG_WARN_STRICT_PROTOTYPES = YES;
				CLANG_WARN_SUSPICIOUS_MOVE = YES;
				CLANG_WARN_UNGUARDED_AVAILABILITY = YES_AGGRESSIVE;
				CLANG_WARN_UNREACHABLE_CODE = YES;
				CLANG_WARN__DUPLICATE_METHOD_MATCH = YES;
				COPY_PHASE_STRIP = NO;
				DEBUG_INFORMATION_FORMAT = "dwarf-with-dsym";
				ENABLE_NS_ASSERTIONS = NO;
				ENABLE_STRICT_OBJC_MSGSEND = YES;
				ENABLE_USER_SCRIPT_SANDBOXING = YES;
				GCC_C_LANGUAGE_STANDARD = gnu17;
				GCC_NO_COMMON_BLOCKS = YES;
				GCC_WARN_64_TO_32_BIT_CONVERSION = YES;
				GCC_WARN_ABOUT_RETURN_TYPE = YES_ERROR;
				GCC_WARN_UNDECLARED_SELECTOR = YES;
				GCC_WARN_UNINITIALIZED_AUTOS = YES_AGGRESSIVE;
				GCC_WARN_UNUSED_FUNCTION = YES;
				GCC_WARN_UNUSED_VARIABLE = YES;
				IPHONEOS_DEPLOYMENT_TARGET = 16.0;
				LOCALIZATION_PREFERS_STRING_CATALOGS = YES;
				MTL_ENABLE_DEBUG_INFO = NO;
				MTL_FAST_MATH = YES;
				SDKROOT = iphoneos;
				SWIFT_COMPILATION_MODE = wholemodule;
				VALIDATE_PRODUCT = YES;
			};
			name = Release;
		};
		98CD4C6C2BD36F3400AEB6EB /* Debug */ = {
			isa = XCBuildConfiguration;
			buildSettings = {
				ASSETCATALOG_COMPILER_APPICON_NAME = AppIcon;
				ASSETCATALOG_COMPILER_GLOBAL_ACCENT_COLOR_NAME = AccentColor;
				CODE_SIGN_STYLE = Automatic;
				CURRENT_PROJECT_VERSION = 1;
				DEVELOPMENT_ASSET_PATHS = "\"GitHubClient/Preview Content\"";
				ENABLE_PREVIEWS = YES;
				GENERATE_INFOPLIST_FILE = YES;
				INFOPLIST_KEY_CFBundleDisplayName = "GH Client";
				INFOPLIST_KEY_LSApplicationCategoryType = "public.app-category.utilities";
				INFOPLIST_KEY_UIApplicationSceneManifest_Generation = YES;
				INFOPLIST_KEY_UIApplicationSupportsIndirectInputEvents = YES;
				INFOPLIST_KEY_UILaunchScreen_Generation = YES;
				INFOPLIST_KEY_UIStatusBarStyle = "";
				INFOPLIST_KEY_UISupportedInterfaceOrientations = UIInterfaceOrientationPortrait;
				INFOPLIST_KEY_UISupportedInterfaceOrientations_iPad = "UIInterfaceOrientationLandscapeLeft UIInterfaceOrientationLandscapeRight UIInterfaceOrientationPortrait UIInterfaceOrientationPortraitUpsideDown";
				IPHONEOS_DEPLOYMENT_TARGET = 16.0;
				LD_RUNPATH_SEARCH_PATHS = (
					"$(inherited)",
					"@executable_path/Frameworks",
				);
				MARKETING_VERSION = 1.0;
				PRODUCT_BUNDLE_IDENTIFIER = Javier.GitHubClient;
				PRODUCT_NAME = "$(TARGET_NAME)";
				SWIFT_EMIT_LOC_STRINGS = YES;
				SWIFT_VERSION = 5.0;
				TARGETED_DEVICE_FAMILY = "1,2";
			};
			name = Debug;
		};
		98CD4C6D2BD36F3400AEB6EB /* Release */ = {
			isa = XCBuildConfiguration;
			buildSettings = {
				ASSETCATALOG_COMPILER_APPICON_NAME = AppIcon;
				ASSETCATALOG_COMPILER_GLOBAL_ACCENT_COLOR_NAME = AccentColor;
				CODE_SIGN_STYLE = Automatic;
				CURRENT_PROJECT_VERSION = 1;
				DEVELOPMENT_ASSET_PATHS = "\"GitHubClient/Preview Content\"";
				ENABLE_PREVIEWS = YES;
				GENERATE_INFOPLIST_FILE = YES;
				INFOPLIST_KEY_CFBundleDisplayName = "GH Client";
				INFOPLIST_KEY_LSApplicationCategoryType = "public.app-category.utilities";
				INFOPLIST_KEY_UIApplicationSceneManifest_Generation = YES;
				INFOPLIST_KEY_UIApplicationSupportsIndirectInputEvents = YES;
				INFOPLIST_KEY_UILaunchScreen_Generation = YES;
				INFOPLIST_KEY_UIStatusBarStyle = "";
				INFOPLIST_KEY_UISupportedInterfaceOrientations = UIInterfaceOrientationPortrait;
				INFOPLIST_KEY_UISupportedInterfaceOrientations_iPad = "UIInterfaceOrientationLandscapeLeft UIInterfaceOrientationLandscapeRight UIInterfaceOrientationPortrait UIInterfaceOrientationPortraitUpsideDown";
				IPHONEOS_DEPLOYMENT_TARGET = 16.0;
				LD_RUNPATH_SEARCH_PATHS = (
					"$(inherited)",
					"@executable_path/Frameworks",
				);
				MARKETING_VERSION = 1.0;
				PRODUCT_BUNDLE_IDENTIFIER = Javier.GitHubClient;
				PRODUCT_NAME = "$(TARGET_NAME)";
				SWIFT_EMIT_LOC_STRINGS = YES;
				SWIFT_VERSION = 5.0;
				TARGETED_DEVICE_FAMILY = "1,2";
			};
			name = Release;
		};
		98CD4C6F2BD36F3400AEB6EB /* Debug */ = {
			isa = XCBuildConfiguration;
			buildSettings = {
				ALWAYS_EMBED_SWIFT_STANDARD_LIBRARIES = YES;
				BUNDLE_LOADER = "$(TEST_HOST)";
				CODE_SIGN_STYLE = Automatic;
				CURRENT_PROJECT_VERSION = 1;
				GENERATE_INFOPLIST_FILE = YES;
				IPHONEOS_DEPLOYMENT_TARGET = 16.0;
				MARKETING_VERSION = 1.0;
				PRODUCT_BUNDLE_IDENTIFIER = Javier.GitHubClientTests;
				PRODUCT_NAME = "$(TARGET_NAME)";
				SWIFT_EMIT_LOC_STRINGS = NO;
				SWIFT_VERSION = 5.0;
				TARGETED_DEVICE_FAMILY = "1,2";
				TEST_HOST = "$(BUILT_PRODUCTS_DIR)/GitHubClient.app/$(BUNDLE_EXECUTABLE_FOLDER_PATH)/GitHubClient";
			};
			name = Debug;
		};
		98CD4C702BD36F3400AEB6EB /* Release */ = {
			isa = XCBuildConfiguration;
			buildSettings = {
				ALWAYS_EMBED_SWIFT_STANDARD_LIBRARIES = YES;
				BUNDLE_LOADER = "$(TEST_HOST)";
				CODE_SIGN_STYLE = Automatic;
				CURRENT_PROJECT_VERSION = 1;
				GENERATE_INFOPLIST_FILE = YES;
				IPHONEOS_DEPLOYMENT_TARGET = 16.0;
				MARKETING_VERSION = 1.0;
				PRODUCT_BUNDLE_IDENTIFIER = Javier.GitHubClientTests;
				PRODUCT_NAME = "$(TARGET_NAME)";
				SWIFT_EMIT_LOC_STRINGS = NO;
				SWIFT_VERSION = 5.0;
				TARGETED_DEVICE_FAMILY = "1,2";
				TEST_HOST = "$(BUILT_PRODUCTS_DIR)/GitHubClient.app/$(BUNDLE_EXECUTABLE_FOLDER_PATH)/GitHubClient";
			};
			name = Release;
		};
		98CD4C722BD36F3400AEB6EB /* Debug */ = {
			isa = XCBuildConfiguration;
			buildSettings = {
				ALWAYS_EMBED_SWIFT_STANDARD_LIBRARIES = YES;
				CODE_SIGN_STYLE = Automatic;
				CURRENT_PROJECT_VERSION = 1;
				GENERATE_INFOPLIST_FILE = YES;
				MARKETING_VERSION = 1.0;
				PRODUCT_BUNDLE_IDENTIFIER = Javier.GitHubClientUITests;
				PRODUCT_NAME = "$(TARGET_NAME)";
				SWIFT_EMIT_LOC_STRINGS = NO;
				SWIFT_VERSION = 5.0;
				TARGETED_DEVICE_FAMILY = "1,2";
				TEST_TARGET_NAME = GitHubClient;
			};
			name = Debug;
		};
		98CD4C732BD36F3400AEB6EB /* Release */ = {
			isa = XCBuildConfiguration;
			buildSettings = {
				ALWAYS_EMBED_SWIFT_STANDARD_LIBRARIES = YES;
				CODE_SIGN_STYLE = Automatic;
				CURRENT_PROJECT_VERSION = 1;
				GENERATE_INFOPLIST_FILE = YES;
				MARKETING_VERSION = 1.0;
				PRODUCT_BUNDLE_IDENTIFIER = Javier.GitHubClientUITests;
				PRODUCT_NAME = "$(TARGET_NAME)";
				SWIFT_EMIT_LOC_STRINGS = NO;
				SWIFT_VERSION = 5.0;
				TARGETED_DEVICE_FAMILY = "1,2";
				TEST_TARGET_NAME = GitHubClient;
			};
			name = Release;
		};
/* End XCBuildConfiguration section */

/* Begin XCConfigurationList section */
		98CD4C3D2BD36F3200AEB6EB /* Build configuration list for PBXProject "GitHubClient" */ = {
			isa = XCConfigurationList;
			buildConfigurations = (
				98CD4C692BD36F3400AEB6EB /* Debug */,
				98CD4C6A2BD36F3400AEB6EB /* Release */,
			);
			defaultConfigurationIsVisible = 0;
			defaultConfigurationName = Release;
		};
		98CD4C6B2BD36F3400AEB6EB /* Build configuration list for PBXNativeTarget "GitHubClient" */ = {
			isa = XCConfigurationList;
			buildConfigurations = (
				98CD4C6C2BD36F3400AEB6EB /* Debug */,
				98CD4C6D2BD36F3400AEB6EB /* Release */,
			);
			defaultConfigurationIsVisible = 0;
			defaultConfigurationName = Release;
		};
		98CD4C6E2BD36F3400AEB6EB /* Build configuration list for PBXNativeTarget "GitHubClientTests" */ = {
			isa = XCConfigurationList;
			buildConfigurations = (
				98CD4C6F2BD36F3400AEB6EB /* Debug */,
				98CD4C702BD36F3400AEB6EB /* Release */,
			);
			defaultConfigurationIsVisible = 0;
			defaultConfigurationName = Release;
		};
		98CD4C712BD36F3400AEB6EB /* Build configuration list for PBXNativeTarget "GitHubClientUITests" */ = {
			isa = XCConfigurationList;
			buildConfigurations = (
				98CD4C722BD36F3400AEB6EB /* Debug */,
				98CD4C732BD36F3400AEB6EB /* Release */,
			);
			defaultConfigurationIsVisible = 0;
			defaultConfigurationName = Release;
		};
/* End XCConfigurationList section */

/* Begin XCRemoteSwiftPackageReference section */
		98CD4C942BD787BC00AEB6EB /* XCRemoteSwiftPackageReference "SwiftUI-Shimmer" */ = {
			isa = XCRemoteSwiftPackageReference;
			repositoryURL = "https://github.com/markiv/SwiftUI-Shimmer";
			requirement = {
				kind = upToNextMajorVersion;
				minimumVersion = 1.4.2;
			};
		};
		98CD4C9F2BD7F14100AEB6EB /* XCRemoteSwiftPackageReference "lottie-spm" */ = {
			isa = XCRemoteSwiftPackageReference;
			repositoryURL = "https://github.com/airbnb/lottie-spm.git";
			requirement = {
				kind = upToNextMajorVersion;
				minimumVersion = 4.4.3;
			};
		};
/* End XCRemoteSwiftPackageReference section */

/* Begin XCSwiftPackageProductDependency section */
		98CD4C952BD787BC00AEB6EB /* Shimmer */ = {
			isa = XCSwiftPackageProductDependency;
			package = 98CD4C942BD787BC00AEB6EB /* XCRemoteSwiftPackageReference "SwiftUI-Shimmer" */;
			productName = Shimmer;
		};
		98CD4CA02BD7F14200AEB6EB /* Lottie */ = {
			isa = XCSwiftPackageProductDependency;
			package = 98CD4C9F2BD7F14100AEB6EB /* XCRemoteSwiftPackageReference "lottie-spm" */;
			productName = Lottie;
		};
/* End XCSwiftPackageProductDependency section */

/* Begin XCVersionGroup section */
		98CD4C502BD36F3400AEB6EB /* GitHubClient.xcdatamodeld */ = {
			isa = XCVersionGroup;
			children = (
				983B69A02BDE7AC40039A216 /* GitHubClient.3.xcdatamodel */,
				983B699F2BDE695E0039A216 /* GitHubClient.2.xcdatamodel */,
				98CD4C512BD36F3400AEB6EB /* GitHubClient.xcdatamodel */,
			);
			currentVersion = 983B69A02BDE7AC40039A216 /* GitHubClient.3.xcdatamodel */;
			path = GitHubClient.xcdatamodeld;
			sourceTree = "<group>";
			versionGroupType = wrapper.xcdatamodel;
		};
/* End XCVersionGroup section */
	};
	rootObject = 98CD4C3A2BD36F3200AEB6EB /* Project object */;
}
