{
  "pins" : [
    {
      "identity" : "swiftui-shimmer",
      "kind" : "remoteSourceControl",
      "location" : "https://github.com/markiv/SwiftUI-Shimmer",
      "state" : {
        "revision" : "5659a623567cefe258d1e3e67cb65585fbb6ecb6",
        "version" : "1.4.2"
      }
    }
  ],
  "version" : 2
}
